// !$*UTF8*$!
{
	archiveVersion = 1;
	classes = {
	};
	objectVersion = 46;
	objects = {

/* Begin PBXBuildFile section */
		FEE58AD71E9C899A00E9731E /* main.m in Sources */ = {isa = PBXBuildFile; fileRef = FEE58AD61E9C899A00E9731E /* main.m */; };
		FEE58ADA1E9C899A00E9731E /* AppDelegate.m in Sources */ = {isa = PBXBuildFile; fileRef = FEE58AD91E9C899A00E9731E /* AppDelegate.m */; };
		FEE58ADD1E9C899A00E9731E /* ViewController.m in Sources */ = {isa = PBXBuildFile; fileRef = FEE58ADC1E9C899A00E9731E /* ViewController.m */; };
		FEE58AE01E9C899A00E9731E /* Main.storyboard in Resources */ = {isa = PBXBuildFile; fileRef = FEE58ADE1E9C899A00E9731E /* Main.storyboard */; };
		FEE58AE21E9C899A00E9731E /* Assets.xcassets in Resources */ = {isa = PBXBuildFile; fileRef = FEE58AE11E9C899A00E9731E /* Assets.xcassets */; };
		FEE58AE51E9C899A00E9731E /* LaunchScreen.storyboard in Resources */ = {isa = PBXBuildFile; fileRef = FEE58AE31E9C899A00E9731E /* LaunchScreen.storyboard */; };
/* End PBXBuildFile section */

/* Begin PBXFileReference section */
		FEE58AD21E9C899A00E9731E /* testPermission.app */ = {isa = PBXFileReference; explicitFileType = wrapper.application; includeInIndex = 0; path = testPermission.app; sourceTree = BUILT_PRODUCTS_DIR; };
		FEE58AD61E9C899A00E9731E /* main.m */ = {isa = PBXFileReference; lastKnownFileType = sourcecode.c.objc; path = main.m; sourceTree = "<group>"; };
		FEE58AD81E9C899A00E9731E /* AppDelegate.h */ = {isa = PBXFileReference; lastKnownFileType = sourcecode.c.h; path = AppDelegate.h; sourceTree = "<group>"; };
		FEE58AD91E9C899A00E9731E /* AppDelegate.m */ = {isa = PBXFileReference; lastKnownFileType = sourcecode.c.objc; path = AppDelegate.m; sourceTree = "<group>"; };
		FEE58ADB1E9C899A00E9731E /* ViewController.h */ = {isa = PBXFileReference; lastKnownFileType = sourcecode.c.h; path = ViewController.h; sourceTree = "<group>"; };
		FEE58ADC1E9C899A00E9731E /* ViewController.m */ = {isa = PBXFileReference; lastKnownFileType = sourcecode.c.objc; path = ViewController.m; sourceTree = "<group>"; };
		FEE58ADF1E9C899A00E9731E /* Base */ = {isa = PBXFileReference; lastKnownFileType = file.storyboard; name = Base; path = Base.lproj/Main.storyboard; sourceTree = "<group>"; };
		FEE58AE11E9C899A00E9731E /* Assets.xcassets */ = {isa = PBXFileReference; lastKnownFileType = folder.assetcatalog; path = Assets.xcassets; sourceTree = "<group>"; };
		FEE58AE41E9C899A00E9731E /* Base */ = {isa = PBXFileReference; lastKnownFileType = file.storyboard; name = Base; path = Base.lproj/LaunchScreen.storyboard; sourceTree = "<group>"; };
		FEE58AE61E9C899A00E9731E /* Info.plist */ = {isa = PBXFileReference; lastKnownFileType = text.plist.xml; path = Info.plist; sourceTree = "<group>"; };
/* End PBXFileReference section */

/* Begin PBXFrameworksBuildPhase section */
		FEE58ACF1E9C899A00E9731E /* Frameworks */ = {
			isa = PBXFrameworksBuildPhase;
			buildActionMask = 2147483647;
			files = (
			);
			runOnlyForDeploymentPostprocessing = 0;
		};
/* End PBXFrameworksBuildPhase section */

/* Begin PBXGroup section */
		FEE58AC91E9C899A00E9731E = {
			isa = PBXGroup;
			children = (
				FEE58AD41E9C899A00E9731E /* testPermission */,
				FEE58AD31E9C899A00E9731E /* Products */,
			);
			sourceTree = "<group>";
		};
		FEE58AD31E9C899A00E9731E /* Products */ = {
			isa = PBXGroup;
			children = (
				FEE58AD21E9C899A00E9731E /* testPermission.app */,
			);
			name = Products;
			sourceTree = "<group>";
		};
		FEE58AD41E9C899A00E9731E /* testPermission */ = {
			isa = PBXGroup;
			children = (
				FEE58AD81E9C899A00E9731E /* AppDelegate.h */,
				FEE58AD91E9C899A00E9731E /* AppDelegate.m */,
				FEE58ADB1E9C899A00E9731E /* ViewController.h */,
				FEE58ADC1E9C899A00E9731E /* ViewController.m */,
				FEE58ADE1E9C899A00E9731E /* Main.storyboard */,
				FEE58AE11E9C899A00E9731E /* Assets.xcassets */,
				FEE58AE31E9C899A00E9731E /* LaunchScreen.storyboard */,
				FEE58AE61E9C899A00E9731E /* Info.plist */,
				FEE58AD51E9C899A00E9731E /* Supporting Files */,
			);
			path = testPermission;
			sourceTree = "<group>";
		};
		FEE58AD51E9C899A00E9731E /* Supporting Files */ = {
			isa = PBXGroup;
			children = (
				FEE58AD61E9C899A00E9731E /* main.m */,
			);
			name = "Supporting Files";
			sourceTree = "<group>";
		};
/* End PBXGroup section */

/* Begin PBXNativeTarget section */
		FEE58AD11E9C899A00E9731E /* testPermission */ = {
			isa = PBXNativeTarget;
			buildConfigurationList = FEE58AE91E9C899A00E9731E /* Build configuration list for PBXNativeTarget "testPermission" */;
			buildPhases = (
				FEE58ACE1E9C899A00E9731E /* Sources */,
				FEE58ACF1E9C899A00E9731E /* Frameworks */,
				FEE58AD01E9C899A00E9731E /* Resources */,
			);
			buildRules = (
			);
			dependencies = (
			);
			name = testPermission;
			productName = testPermission;
			productReference = FEE58AD21E9C899A00E9731E /* testPermission.app */;
			productType = "com.apple.product-type.application";
		};
/* End PBXNativeTarget section */

/* Begin PBXProject section */
		FEE58ACA1E9C899A00E9731E /* Project object */ = {
			isa = PBXProject;
			attributes = {
				LastUpgradeCheck = 0830;
				ORGANIZATIONNAME = "董力云";
				TargetAttributes = {
					FEE58AD11E9C899A00E9731E = {
						CreatedOnToolsVersion = 8.3.1;
						DevelopmentTeam = R7JK4K8BX9;
						ProvisioningStyle = Automatic;
					};
				};
			};
			buildConfigurationList = FEE58ACD1E9C899A00E9731E /* Build configuration list for PBXProject "testPermission" */;
			compatibilityVersion = "Xcode 3.2";
			developmentRegion = English;
			hasScannedForEncodings = 0;
			knownRegions = (
				en,
				Base,
			);
			mainGroup = FEE58AC91E9C899A00E9731E;
			productRefGroup = FEE58AD31E9C899A00E9731E /* Products */;
			projectDirPath = "";
			projectRoot = "";
			targets = (
				FEE58AD11E9C899A00E9731E /* testPermission */,
			);
		};
/* End PBXProject section */

/* Begin PBXResourcesBuildPhase section */
		FEE58AD01E9C899A00E9731E /* Resources */ = {
			isa = PBXResourcesBuildPhase;
			buildActionMask = 2147483647;
			files = (
				FEE58AE51E9C899A00E9731E /* LaunchScreen.storyboard in Resources */,
				FEE58AE21E9C899A00E9731E /* Assets.xcassets in Resources */,
				FEE58AE01E9C899A00E9731E /* Main.storyboard in Resources */,
			);
			runOnlyForDeploymentPostprocessing = 0;
		};
/* End PBXResourcesBuildPhase section */

/* Begin PBXSourcesBuildPhase section */
		FEE58ACE1E9C899A00E9731E /* Sources */ = {
			isa = PBXSourcesBuildPhase;
			buildActionMask = 2147483647;
			files = (
				FEE58ADD1E9C899A00E9731E /* ViewController.m in Sources */,
				FEE58ADA1E9C899A00E9731E /* AppDelegate.m in Sources */,
				FEE58AD71E9C899A00E9731E /* main.m in Sources */,
			);
			runOnlyForDeploymentPostprocessing = 0;
		};
/* End PBXSourcesBuildPhase section */

/* Begin PBXVariantGroup section */
		FEE58ADE1E9C899A00E9731E /* Main.storyboard */ = {
			isa = PBXVariantGroup;
			children = (
				FEE58ADF1E9C899A00E9731E /* Base */,
			);
			name = Main.storyboard;
			sourceTree = "<group>";
		};
		FEE58AE31E9C899A00E9731E /* LaunchScreen.storyboard */ = {
			isa = PBXVariantGroup;
			children = (
				FEE58AE41E9C899A00E9731E /* Base */,
			);
			name = LaunchScreen.storyboard;
			sourceTree = "<group>";
		};
/* End PBXVariantGroup section */

/* Begin XCBuildConfiguration section */
		FEE58AE71E9C899A00E9731E /* Debug */ = {
			isa = XCBuildConfiguration;
			buildSettings = {
				ALWAYS_SEARCH_USER_PATHS = NO;
				CLANG_ANALYZER_NONNULL = YES;
				CLANG_ANALYZER_NUMBER_OBJECT_CONVERSION = YES_AGGRESSIVE;
				CLANG_CXX_LANGUAGE_STANDARD = "gnu++0x";
				CLANG_CXX_LIBRARY = "libc++";
				CLANG_ENABLE_MODULES = YES;
				CLANG_ENABLE_OBJC_ARC = YES;
				CLANG_WARN_BOOL_CONVERSION = YES;
				CLANG_WARN_CONSTANT_CONVERSION = YES;
				CLANG_WARN_DIRECT_OBJC_ISA_USAGE = YES_ERROR;
				CLANG_WARN_DOCUMENTATION_COMMENTS = YES;
				CLANG_WARN_EMPTY_BODY = YES;
				CLANG_WARN_ENUM_CONVERSION = YES;
				CLANG_WARN_INFINITE_RECURSION = YES;
				CLANG_WARN_INT_CONVERSION = YES;
				CLANG_WARN_OBJC_ROOT_CLASS = YES_ERROR;
				CLANG_WARN_SUSPICIOUS_MOVE = YES;
				CLANG_WARN_UNREACHABLE_CODE = YES;
				CLANG_WARN__DUPLICATE_METHOD_MATCH = YES;
				"CODE_SIGN_IDENTITY[sdk=iphoneos*]" = "iPhone Developer";
				COPY_PHASE_STRIP = NO;
				DEBUG_INFORMATION_FORMAT = dwarf;
				ENABLE_STRICT_OBJC_MSGSEND = YES;
				ENABLE_TESTABILITY = YES;
				GCC_C_LANGUAGE_STANDARD = gnu99;
				GCC_DYNAMIC_NO_PIC = NO;
				GCC_NO_COMMON_BLOCKS = YES;
				GCC_OPTIMIZATION_LEVEL = 0;
				GCC_PREPROCESSOR_DEFINITIONS = (
					"DEBUG=1",
					"$(inherited)",
				);
				GCC_WARN_64_TO_32_BIT_CONVERSION = YES;
				GCC_WARN_ABOUT_RETURN_TYPE = YES_ERROR;
				GCC_WARN_UNDECLARED_SELECTOR = YES;
				GCC_WARN_UNINITIALIZED_AUTOS = YES_AGGRESSIVE;
				GCC_WARN_UNUSED_FUNCTION = YES;
				GCC_WARN_UNUSED_VARIABLE = YES;
				IPHONEOS_DEPLOYMENT_TARGET = 9.0;
				MTL_ENABLE_DEBUG_INFO = YES;
				ONLY_ACTIVE_ARCH = YES;
				SDKROOT = iphoneos;
				TARGETED_DEVICE_FAMILY = "1,2";
			};
			name = Debug;
		};
		FEE58AE81E9C899A00E9731E /* Release */ = {
			isa = XCBuildConfiguration;
			buildSettings = {
				ALWAYS_SEARCH_USER_PATHS = NO;
				CLANG_ANALYZER_NONNULL = YES;
				CLANG_ANALYZER_NUMBER_OBJECT_CONVERSION = YES_AGGRESSIVE;
				CLANG_CXX_LANGUAGE_STANDARD = "gnu++0x";
				CLANG_CXX_LIBRARY = "libc++";
				CLANG_ENABLE_MODULES = YES;
				CLANG_ENABLE_OBJC_ARC = YES;
				CLANG_WARN_BOOL_CONVERSION = YES;
				CLANG_WARN_CONSTANT_CONVERSION = YES;
				CLANG_WARN_DIRECT_OBJC_ISA_USAGE = YES_ERROR;
				CLANG_WARN_DOCUMENTATION_COMMENTS = YES;
				CLANG_WARN_EMPTY_BODY = YES;
				CLANG_WARN_ENUM_CONVERSION = YES;
				CLANG_WARN_INFINITE_RECURSION = YES;
				CLANG_WARN_INT_CONVERSION = YES;
				CLANG_WARN_OBJC_ROOT_CLASS = YES_ERROR;
				CLANG_WARN_SUSPICIOUS_MOVE = YES;
				CLANG_WARN_UNREACHABLE_CODE = YES;
				CLANG_WARN__DUPLICATE_METHOD_MATCH = YES;
				"CODE_SIGN_IDENTITY[sdk=iphoneos*]" = "iPhone Developer";
				COPY_PHASE_STRIP = NO;
				DEBUG_INFORMATION_FORMAT = "dwarf-with-dsym";
				ENABLE_NS_ASSERTIONS = NO;
				ENABLE_STRICT_OBJC_MSGSEND = YES;
				GCC_C_LANGUAGE_STANDARD = gnu99;
				GCC_NO_COMMON_BLOCKS = YES;
				GCC_WARN_64_TO_32_BIT_CONVERSION = YES;
				GCC_WARN_ABOUT_RETURN_TYPE = YES_ERROR;
				GCC_WARN_UNDECLARED_SELECTOR = YES;
				GCC_WARN_UNINITIALIZED_AUTOS = YES_AGGRESSIVE;
				GCC_WARN_UNUSED_FUNCTION = YES;
				GCC_WARN_UNUSED_VARIABLE = YES;
				IPHONEOS_DEPLOYMENT_TARGET = 9.0;
				MTL_ENABLE_DEBUG_INFO = NO;
				SDKROOT = iphoneos;
				TARGETED_DEVICE_FAMILY = "1,2";
				VALIDATE_PRODUCT = YES;
			};
			name = Release;
		};
		FEE58AEA1E9C899A00E9731E /* Debug */ = {
			isa = XCBuildConfiguration;
			buildSettings = {
				ASSETCATALOG_COMPILER_APPICON_NAME = AppIcon;
				DEVELOPMENT_TEAM = R7JK4K8BX9;
				INFOPLIST_FILE = testPermission/Info.plist;
				LD_RUNPATH_SEARCH_PATHS = "$(inherited) @executable_path/Frameworks";
				PRODUCT_BUNDLE_IDENTIFIER = com.dly.testPermission;
				PRODUCT_NAME = "$(TARGET_NAME)";
			};
			name = Debug;
		};
		FEE58AEB1E9C899A00E9731E /* Release */ = {
			isa = XCBuildConfiguration;
			buildSettings = {
				ASSETCATALOG_COMPILER_APPICON_NAME = AppIcon;
				DEVELOPMENT_TEAM = R7JK4K8BX9;
				INFOPLIST_FILE = testPermission/Info.plist;
				LD_RUNPATH_SEARCH_PATHS = "$(inherited) @executable_path/Frameworks";
				PRODUCT_BUNDLE_IDENTIFIER = com.dly.testPermission;
				PRODUCT_NAME = "$(TARGET_NAME)";
			};
			name = Release;
		};
/* End XCBuildConfiguration section */

/* Begin XCConfigurationList section */
		FEE58ACD1E9C899A00E9731E /* Build configuration list for PBXProject "testPermission" */ = {
			isa = XCConfigurationList;
			buildConfigurations = (
				FEE58AE71E9C899A00E9731E /* Debug */,
				FEE58AE81E9C899A00E9731E /* Release */,
			);
			defaultConfigurationIsVisible = 0;
			defaultConfigurationName = Release;
		};
		FEE58AE91E9C899A00E9731E /* Build configuration list for PBXNativeTarget "testPermission" */ = {
			isa = XCConfigurationList;
			buildConfigurations = (
				FEE58AEA1E9C899A00E9731E /* Debug */,
				FEE58AEB1E9C899A00E9731E /* Release */,
			);
			defaultConfigurationIsVisible = 0;
		};
/* End XCConfigurationList section */
	};
	rootObject = FEE58ACA1E9C899A00E9731E /* Project object */;
}
